{
  "name": "test",
  "version": "1.0.0",
  "lockfileVersion": 1,
  "requires": true,
  "dependencies": {
    "@types/aws-lambda": {
      "version": "8.10.51",
      "resolved": "https://registry.npmjs.org/@types/aws-lambda/-/aws-lambda-8.10.51.tgz",
      "integrity": "sha512-XK7RerpXj4r+IO0r7qIeNqUSU6L4qhPMwNhISxozJJiUX/jdXj9WYzTShRVisEcUQHXgJ4TTBqTArM8f9Mjb8g==",
      "dev": true
    },
    "@types/uuid": {
      "version": "8.0.0",
      "resolved": "https://registry.npmjs.org/@types/uuid/-/uuid-8.0.0.tgz",
      "integrity": "sha512-xSQfNcvOiE5f9dyd4Kzxbof1aTrLobL278pGLKOZI6esGfZ7ts9Ka16CzIN6Y8hFHE1C7jIBZokULhK1bOgjRw==",
      "dev": true
    },
    "uuid": {
      "version": "8.1.0",
      "resolved": "https://registry.npmjs.org/uuid/-/uuid-8.1.0.tgz",
      "integrity": "sha512-CI18flHDznR0lq54xBycOVmphdCYnQLKn8abKn7PXUiKUGdEd+/l9LWNJmugXel4hXq7S+RMNl34ecyC9TntWg=="
    }
  }
}
